
Microsoft Visual Studio Solution File, Format Version 12.00
# Visual Studio Version 17
VisualStudioVersion = 17.4.33213.308
MinimumVisualStudioVersion = 10.0.40219.1
Project("{FAE04EC0-301F-11D3-BF4B-00C04F79EFBC}") = "WindowsFormsApp1", "WindowsFormsApp1\WindowsFormsApp1.csproj", "{967526E2-915E-42C4-9325-721DBE615E5D}"
EndProject
Global
	GlobalSection(SolutionConfigurationPlatforms) = preSolution
		Debug|Any CPU = Debug|Any CPU
		Release|Any CPU = Release|Any CPU
	EndGlobalSection
	GlobalSection(ProjectConfigurationPlatforms) = postSolution
		{967526E2-915E-42C4-9325-721DBE615E5D}.Debug|Any CPU.ActiveCfg = Debug|Any CPU
		{967526E2-915E-42C4-9325-721DBE615E5D}.Debug|Any CPU.Build.0 = Debug|Any CPU
		{967526E2-915E-42C4-9325-721DBE615E5D}.Release|Any CPU.ActiveCfg = Release|Any CPU
		{967526E2-915E-42C4-9325-721DBE615E5D}.Release|Any CPU.Build.0 = Release|Any CPU
	EndGlobalSection
	GlobalSection(SolutionProperties) = preSolution
		HideSolutionNode = FALSE
	EndGlobalSection
	GlobalSection(ExtensibilityGlobals) = postSolution
		SolutionGuid = {6007E8F9-74CA-437F-B450-AFEB3C0C4974}
	EndGlobalSection
EndGlobal
